
Microsoft Visual Studio Solution File, Format Version 12.00
Project("{FAE04EC0-301F-11D3-BF4B-00C04F79EFBC}") = "MCPClient", "MCPClient\MCPClient.csproj", "{448CB5AD-813C-4EEA-944C-6F0C9A3CA429}"
EndProject
Project("{2150E333-8FDC-42A3-9474-1A3956D46DE8}") = "99 Presentation", "99 Presentation", "{6818BC5C-546F-4075-B697-C5D0643A1E88}"
EndProject
Project("{2150E333-8FDC-42A3-9474-1A3956D46DE8}") = "50 Modules", "50 Modules", "{7227BBE6-4A2E-4A9D-9D37-223CC4CB45DA}"
EndProject
Project("{2150E333-8FDC-42A3-9474-1A3956D46DE8}") = "30 Shared", "30 Shared", "{E0E296C1-4C27-4FFD-A0AB-916CCFC13BA4}"
EndProject
Project("{FAE04EC0-301F-11D3-BF4B-00C04F79EFBC}") = "MCPClient.SharedKernel", "MCPClient.SharedKernel\MCPClient.SharedKernel.csproj", "{EAF3BF88-8138-438D-A283-9B2CB3202CFA}"
EndProject
Project("{2150E333-8FDC-42A3-9474-1A3956D46DE8}") = "Chat", "Chat", "{5578ECFC-22A0-4514-BBB8-69861CCEB47A}"
EndProject
Project("{FAE04EC0-301F-11D3-BF4B-00C04F79EFBC}") = "MCPClient.Chat.Facade", "MCPClient.Chat.Facade\MCPClient.Chat.Facade.csproj", "{D4352CE3-3DF7-4727-9F35-C8DF17CBA606}"
EndProject
Project("{FAE04EC0-301F-11D3-BF4B-00C04F79EFBC}") = "MCPClient.Chat.ReadModel", "MCPClient.Chat.ReadModel\MCPClient.Chat.ReadModel.csproj", "{514C85A9-9017-4385-A7AC-332FEF5F54F9}"
EndProject
Global
	GlobalSection(SolutionConfigurationPlatforms) = preSolution
		Debug|Any CPU = Debug|Any CPU
		Release|Any CPU = Release|Any CPU
	EndGlobalSection
	GlobalSection(ProjectConfigurationPlatforms) = postSolution
		{448CB5AD-813C-4EEA-944C-6F0C9A3CA429}.Debug|Any CPU.ActiveCfg = Debug|Any CPU
		{448CB5AD-813C-4EEA-944C-6F0C9A3CA429}.Debug|Any CPU.Build.0 = Debug|Any CPU
		{448CB5AD-813C-4EEA-944C-6F0C9A3CA429}.Release|Any CPU.ActiveCfg = Release|Any CPU
		{448CB5AD-813C-4EEA-944C-6F0C9A3CA429}.Release|Any CPU.Build.0 = Release|Any CPU
		{EAF3BF88-8138-438D-A283-9B2CB3202CFA}.Debug|Any CPU.ActiveCfg = Debug|Any CPU
		{EAF3BF88-8138-438D-A283-9B2CB3202CFA}.Debug|Any CPU.Build.0 = Debug|Any CPU
		{EAF3BF88-8138-438D-A283-9B2CB3202CFA}.Release|Any CPU.ActiveCfg = Release|Any CPU
		{EAF3BF88-8138-438D-A283-9B2CB3202CFA}.Release|Any CPU.Build.0 = Release|Any CPU
		{D4352CE3-3DF7-4727-9F35-C8DF17CBA606}.Debug|Any CPU.ActiveCfg = Debug|Any CPU
		{D4352CE3-3DF7-4727-9F35-C8DF17CBA606}.Debug|Any CPU.Build.0 = Debug|Any CPU
		{D4352CE3-3DF7-4727-9F35-C8DF17CBA606}.Release|Any CPU.ActiveCfg = Release|Any CPU
		{D4352CE3-3DF7-4727-9F35-C8DF17CBA606}.Release|Any CPU.Build.0 = Release|Any CPU
		{514C85A9-9017-4385-A7AC-332FEF5F54F9}.Debug|Any CPU.ActiveCfg = Debug|Any CPU
		{514C85A9-9017-4385-A7AC-332FEF5F54F9}.Debug|Any CPU.Build.0 = Debug|Any CPU
		{514C85A9-9017-4385-A7AC-332FEF5F54F9}.Release|Any CPU.ActiveCfg = Release|Any CPU
		{514C85A9-9017-4385-A7AC-332FEF5F54F9}.Release|Any CPU.Build.0 = Release|Any CPU
	EndGlobalSection
	GlobalSection(NestedProjects) = preSolution
		{448CB5AD-813C-4EEA-944C-6F0C9A3CA429} = {6818BC5C-546F-4075-B697-C5D0643A1E88}
		{EAF3BF88-8138-438D-A283-9B2CB3202CFA} = {E0E296C1-4C27-4FFD-A0AB-916CCFC13BA4}
		{5578ECFC-22A0-4514-BBB8-69861CCEB47A} = {7227BBE6-4A2E-4A9D-9D37-223CC4CB45DA}
		{D4352CE3-3DF7-4727-9F35-C8DF17CBA606} = {5578ECFC-22A0-4514-BBB8-69861CCEB47A}
		{514C85A9-9017-4385-A7AC-332FEF5F54F9} = {5578ECFC-22A0-4514-BBB8-69861CCEB47A}
	EndGlobalSection
EndGlobal
